
Microsoft Visual Studio Solution File, Format Version 12.00
# Visual Studio 2012
Project("{8BC9CEB8-8B4A-11D0-8D11-00A0C91BC942}") = "ss_server", "ss_server\ss_server.vcxproj", "{3A3C3FAB-133B-400C-8CBB-6A2E4A6A60B9}"
EndProject
Global
	GlobalSection(SolutionConfigurationPlatforms) = preSolution
		Debug|Win32 = Debug|Win32
		Release|Win32 = Release|Win32
	EndGlobalSection
	GlobalSection(ProjectConfigurationPlatforms) = postSolution
		{3A3C3FAB-133B-400C-8CBB-6A2E4A6A60B9}.Debug|Win32.ActiveCfg = Debug|Win32
		{3A3C3FAB-133B-400C-8CBB-6A2E4A6A60B9}.Debug|Win32.Build.0 = Debug|Win32
		{3A3C3FAB-133B-400C-8CBB-6A2E4A6A60B9}.Release|Win32.ActiveCfg = Release|Win32
		{3A3C3FAB-133B-400C-8CBB-6A2E4A6A60B9}.Release|Win32.Build.0 = Release|Win32
	EndGlobalSection
	GlobalSection(SolutionProperties) = preSolution
		HideSolutionNode = FALSE
	EndGlobalSection
	GlobalSection(Performance) = preSolution
		HasPerformanceSessions = true
	EndGlobalSection
EndGlobal
